
Microsoft Visual Studio Solution File, Format Version 12.00
# Visual Studio for Mac
Project("{FAE04EC0-301F-11D3-BF4B-00C04F79EFBC}") = "AstarPathfindingProject", "AstarPathfindingProject.csproj", "{5F139300-E76D-DE0F-6DF1-44BA5E4A7AF7}"
EndProject
Project("{FAE04EC0-301F-11D3-BF4B-00C04F79EFBC}") = "Assembly-CSharp", "Assembly-CSharp.csproj", "{25C45ADC-400F-C888-B2FA-D59681CE6CAE}"
EndProject
Project("{FAE04EC0-301F-11D3-BF4B-00C04F79EFBC}") = "AstarPathfindingProjectEditor", "AstarPathfindingProjectEditor.csproj", "{9C18849F-F9F5-B208-4CBF-C4C9601468C9}"
EndProject
Project("{FAE04EC0-301F-11D3-BF4B-00C04F79EFBC}") = "PackageToolsEditor", "PackageToolsEditor.csproj", "{6D4B2F8D-75AA-E763-669A-59E14A77CADC}"
EndProject
Global
	GlobalSection(SolutionConfigurationPlatforms) = preSolution
		Debug|Any CPU = Debug|Any CPU
		Release|Any CPU = Release|Any CPU
	EndGlobalSection
	GlobalSection(ProjectConfigurationPlatforms) = postSolution
		{5F139300-E76D-DE0F-6DF1-44BA5E4A7AF7}.Debug|Any CPU.ActiveCfg = Debug|Any CPU
		{5F139300-E76D-DE0F-6DF1-44BA5E4A7AF7}.Debug|Any CPU.Build.0 = Debug|Any CPU
		{5F139300-E76D-DE0F-6DF1-44BA5E4A7AF7}.Release|Any CPU.ActiveCfg = Release|Any CPU
		{5F139300-E76D-DE0F-6DF1-44BA5E4A7AF7}.Release|Any CPU.Build.0 = Release|Any CPU
		{25C45ADC-400F-C888-B2FA-D59681CE6CAE}.Debug|Any CPU.ActiveCfg = Debug|Any CPU
		{25C45ADC-400F-C888-B2FA-D59681CE6CAE}.Debug|Any CPU.Build.0 = Debug|Any CPU
		{25C45ADC-400F-C888-B2FA-D59681CE6CAE}.Release|Any CPU.ActiveCfg = Release|Any CPU
		{25C45ADC-400F-C888-B2FA-D59681CE6CAE}.Release|Any CPU.Build.0 = Release|Any CPU
		{9C18849F-F9F5-B208-4CBF-C4C9601468C9}.Debug|Any CPU.ActiveCfg = Debug|Any CPU
		{9C18849F-F9F5-B208-4CBF-C4C9601468C9}.Debug|Any CPU.Build.0 = Debug|Any CPU
		{9C18849F-F9F5-B208-4CBF-C4C9601468C9}.Release|Any CPU.ActiveCfg = Release|Any CPU
		{9C18849F-F9F5-B208-4CBF-C4C9601468C9}.Release|Any CPU.Build.0 = Release|Any CPU
		{6D4B2F8D-75AA-E763-669A-59E14A77CADC}.Debug|Any CPU.ActiveCfg = Debug|Any CPU
		{6D4B2F8D-75AA-E763-669A-59E14A77CADC}.Debug|Any CPU.Build.0 = Debug|Any CPU
		{6D4B2F8D-75AA-E763-669A-59E14A77CADC}.Release|Any CPU.ActiveCfg = Release|Any CPU
		{6D4B2F8D-75AA-E763-669A-59E14A77CADC}.Release|Any CPU.Build.0 = Release|Any CPU
	EndGlobalSection
	GlobalSection(SolutionProperties) = preSolution
		HideSolutionNode = FALSE
	EndGlobalSection
EndGlobal
